
Microsoft Visual Studio Solution File, Format Version 12.00
# Visual Studio Version 17
VisualStudioVersion = 17.7.34221.43
MinimumVisualStudioVersion = 10.0.40219.1
Project("{FAE04EC0-301F-11D3-BF4B-00C04F79EFBC}") = "1_arrays", "1_arrays.csproj", "{169E26D1-D17B-4FF8-8F79-E5B9ADEFAD2F}"
EndProject
Global
	GlobalSection(SolutionConfigurationPlatforms) = preSolution
		Debug|Any CPU = Debug|Any CPU
		Release|Any CPU = Release|Any CPU
	EndGlobalSection
	GlobalSection(ProjectConfigurationPlatforms) = postSolution
		{169E26D1-D17B-4FF8-8F79-E5B9ADEFAD2F}.Debug|Any CPU.ActiveCfg = Debug|Any CPU
		{169E26D1-D17B-4FF8-8F79-E5B9ADEFAD2F}.Debug|Any CPU.Build.0 = Debug|Any CPU
		{169E26D1-D17B-4FF8-8F79-E5B9ADEFAD2F}.Release|Any CPU.ActiveCfg = Release|Any CPU
		{169E26D1-D17B-4FF8-8F79-E5B9ADEFAD2F}.Release|Any CPU.Build.0 = Release|Any CPU
	EndGlobalSection
	GlobalSection(SolutionProperties) = preSolution
		HideSolutionNode = FALSE
	EndGlobalSection
	GlobalSection(ExtensibilityGlobals) = postSolution
		SolutionGuid = {FB8D7BE4-3A50-4414-897F-B72F2CFBECCE}
	EndGlobalSection
EndGlobal
